// !$*UTF8*$!
{
	archiveVersion = 1;
	classes = {
	};
	objectVersion = 50;
	objects = {

/* Begin PBXBuildFile section */
		3524CD422615279B007B05C8 /* Game_of_Life_iPad_EditionApp.swift in Sources */ = {isa = PBXBuildFile; fileRef = 3524CD2F26152794007B05C8 /* Game_of_Life_iPad_EditionApp.swift */; };
		3524CD432615279B007B05C8 /* Game_of_Life_iPad_EditionApp.swift in Sources */ = {isa = PBXBuildFile; fileRef = 3524CD2F26152794007B05C8 /* Game_of_Life_iPad_EditionApp.swift */; };
		3524CD442615279B007B05C8 /* ContentView.swift in Sources */ = {isa = PBXBuildFile; fileRef = 3524CD3026152794007B05C8 /* ContentView.swift */; };
		3524CD452615279B007B05C8 /* ContentView.swift in Sources */ = {isa = PBXBuildFile; fileRef = 3524CD3026152794007B05C8 /* ContentView.swift */; };
		3524CD462615279B007B05C8 /* Assets.xcassets in Resources */ = {isa = PBXBuildFile; fileRef = 3524CD312615279B007B05C8 /* Assets.xcassets */; };
		3524CD472615279B007B05C8 /* Assets.xcassets in Resources */ = {isa = PBXBuildFile; fileRef = 3524CD312615279B007B05C8 /* Assets.xcassets */; };
/* End PBXBuildFile section */

/* Begin PBXFileReference section */
		3524CD2F26152794007B05C8 /* Game_of_Life_iPad_EditionApp.swift */ = {isa = PBXFileReference; lastKnownFileType = sourcecode.swift; path = Game_of_Life_iPad_EditionApp.swift; sourceTree = "<group>"; };
		3524CD3026152794007B05C8 /* ContentView.swift */ = {isa = PBXFileReference; lastKnownFileType = sourcecode.swift; path = ContentView.swift; sourceTree = "<group>"; };
		3524CD312615279B007B05C8 /* Assets.xcassets */ = {isa = PBXFileReference; lastKnownFileType = folder.assetcatalog; path = Assets.xcassets; sourceTree = "<group>"; };
		3524CD362615279B007B05C8 /* Game of Life iPad Edition.app */ = {isa = PBXFileReference; explicitFileType = wrapper.application; includeInIndex = 0; path = "Game of Life iPad Edition.app"; sourceTree = BUILT_PRODUCTS_DIR; };
		3524CD392615279B007B05C8 /* Info.plist */ = {isa = PBXFileReference; lastKnownFileType = text.plist.xml; path = Info.plist; sourceTree = "<group>"; };
		3524CD3E2615279B007B05C8 /* Game of Life iPad Edition.app */ = {isa = PBXFileReference; explicitFileType = wrapper.application; includeInIndex = 0; path = "Game of Life iPad Edition.app"; sourceTree = BUILT_PRODUCTS_DIR; };
		3524CD402615279B007B05C8 /* Info.plist */ = {isa = PBXFileReference; lastKnownFileType = text.plist.xml; path = Info.plist; sourceTree = "<group>"; };
		3524CD412615279B007B05C8 /* macOS.entitlements */ = {isa = PBXFileReference; lastKnownFileType = text.plist.entitlements; path = macOS.entitlements; sourceTree = "<group>"; };
/* End PBXFileReference section */

/* Begin PBXFrameworksBuildPhase section */
		3524CD332615279B007B05C8 /* Frameworks */ = {
			isa = PBXFrameworksBuildPhase;
			buildActionMask = 2147483647;
			files = (
			);
			runOnlyForDeploymentPostprocessing = 0;
		};
		3524CD3B2615279B007B05C8 /* Frameworks */ = {
			isa = PBXFrameworksBuildPhase;
			buildActionMask = 2147483647;
			files = (
			);
			runOnlyForDeploymentPostprocessing = 0;
		};
/* End PBXFrameworksBuildPhase section */

/* Begin PBXGroup section */
		3524CD2926152794007B05C8 = {
			isa = PBXGroup;
			children = (
				3524CD2E26152794007B05C8 /* Shared */,
				3524CD382615279B007B05C8 /* iOS */,
				3524CD3F2615279B007B05C8 /* macOS */,
				3524CD372615279B007B05C8 /* Products */,
			);
			sourceTree = "<group>";
		};
		3524CD2E26152794007B05C8 /* Shared */ = {
			isa = PBXGroup;
			children = (
				3524CD2F26152794007B05C8 /* Game_of_Life_iPad_EditionApp.swift */,
				3524CD3026152794007B05C8 /* ContentView.swift */,
				3524CD312615279B007B05C8 /* Assets.xcassets */,
			);
			path = Shared;
			sourceTree = "<group>";
		};
		3524CD372615279B007B05C8 /* Products */ = {
			isa = PBXGroup;
			children = (
				3524CD362615279B007B05C8 /* Game of Life iPad Edition.app */,
				3524CD3E2615279B007B05C8 /* Game of Life iPad Edition.app */,
			);
			name = Products;
			sourceTree = "<group>";
		};
		3524CD382615279B007B05C8 /* iOS */ = {
			isa = PBXGroup;
			children = (
				3524CD392615279B007B05C8 /* Info.plist */,
			);
			path = iOS;
			sourceTree = "<group>";
		};
		3524CD3F2615279B007B05C8 /* macOS */ = {
			isa = PBXGroup;
			children = (
				3524CD402615279B007B05C8 /* Info.plist */,
				3524CD412615279B007B05C8 /* macOS.entitlements */,
			);
			path = macOS;
			sourceTree = "<group>";
		};
/* End PBXGroup section */

/* Begin PBXNativeTarget section */
		3524CD352615279B007B05C8 /* Game of Life iPad Edition (iOS) */ = {
			isa = PBXNativeTarget;
			buildConfigurationList = 3524CD4A2615279B007B05C8 /* Build configuration list for PBXNativeTarget "Game of Life iPad Edition (iOS)" */;
			buildPhases = (
				3524CD322615279B007B05C8 /* Sources */,
				3524CD332615279B007B05C8 /* Frameworks */,
				3524CD342615279B007B05C8 /* Resources */,
			);
			buildRules = (
			);
			dependencies = (
			);
			name = "Game of Life iPad Edition (iOS)";
			productName = "Game of Life iPad Edition (iOS)";
			productReference = 3524CD362615279B007B05C8 /* Game of Life iPad Edition.app */;
			productType = "com.apple.product-type.application";
		};
		3524CD3D2615279B007B05C8 /* Game of Life iPad Edition (macOS) */ = {
			isa = PBXNativeTarget;
			buildConfigurationList = 3524CD4D2615279B007B05C8 /* Build configuration list for PBXNativeTarget "Game of Life iPad Edition (macOS)" */;
			buildPhases = (
				3524CD3A2615279B007B05C8 /* Sources */,
				3524CD3B2615279B007B05C8 /* Frameworks */,
				3524CD3C2615279B007B05C8 /* Resources */,
			);
			buildRules = (
			);
			dependencies = (
			);
			name = "Game of Life iPad Edition (macOS)";
			productName = "Game of Life iPad Edition (macOS)";
			productReference = 3524CD3E2615279B007B05C8 /* Game of Life iPad Edition.app */;
			productType = "com.apple.product-type.application";
		};
/* End PBXNativeTarget section */

/* Begin PBXProject section */
		3524CD2A26152794007B05C8 /* Project object */ = {
			isa = PBXProject;
			attributes = {
				LastSwiftUpdateCheck = 1240;
				LastUpgradeCheck = 1240;
				TargetAttributes = {
					3524CD352615279B007B05C8 = {
						CreatedOnToolsVersion = 12.4;
					};
					3524CD3D2615279B007B05C8 = {
						CreatedOnToolsVersion = 12.4;
					};
				};
			};
			buildConfigurationList = 3524CD2D26152794007B05C8 /* Build configuration list for PBXProject "Game of Life iPad Edition" */;
			compatibilityVersion = "Xcode 9.3";
			developmentRegion = en;
			hasScannedForEncodings = 0;
			knownRegions = (
				en,
				Base,
			);
			mainGroup = 3524CD2926152794007B05C8;
			productRefGroup = 3524CD372615279B007B05C8 /* Products */;
			projectDirPath = "";
			projectRoot = "";
			targets = (
				3524CD352615279B007B05C8 /* Game of Life iPad Edition (iOS) */,
				3524CD3D2615279B007B05C8 /* Game of Life iPad Edition (macOS) */,
			);
		};
/* End PBXProject section */

/* Begin PBXResourcesBuildPhase section */
		3524CD342615279B007B05C8 /* Resources */ = {
			isa = PBXResourcesBuildPhase;
			buildActionMask = 2147483647;
			files = (
				3524CD462615279B007B05C8 /* Assets.xcassets in Resources */,
			);
			runOnlyForDeploymentPostprocessing = 0;
		};
		3524CD3C2615279B007B05C8 /* Resources */ = {
			isa = PBXResourcesBuildPhase;
			buildActionMask = 2147483647;
			files = (
				3524CD472615279B007B05C8 /* Assets.xcassets in Resources */,
			);
			runOnlyForDeploymentPostprocessing = 0;
		};
/* End PBXResourcesBuildPhase section */

/* Begin PBXSourcesBuildPhase section */
		3524CD322615279B007B05C8 /* Sources */ = {
			isa = PBXSourcesBuildPhase;
			buildActionMask = 2147483647;
			files = (
				3524CD442615279B007B05C8 /* ContentView.swift in Sources */,
				3524CD422615279B007B05C8 /* Game_of_Life_iPad_EditionApp.swift in Sources */,
			);
			runOnlyForDeploymentPostprocessing = 0;
		};
		3524CD3A2615279B007B05C8 /* Sources */ = {
			isa = PBXSourcesBuildPhase;
			buildActionMask = 2147483647;
			files = (
				3524CD452615279B007B05C8 /* ContentView.swift in Sources */,
				3524CD432615279B007B05C8 /* Game_of_Life_iPad_EditionApp.swift in Sources */,
			);
			runOnlyForDeploymentPostprocessing = 0;
		};
/* End PBXSourcesBuildPhase section */

/* Begin XCBuildConfiguration section */
		3524CD482615279B007B05C8 /* Debug */ = {
			isa = XCBuildConfiguration;
			buildSettings = {
				ALWAYS_SEARCH_USER_PATHS = NO;
				CLANG_ANALYZER_NONNULL = YES;
				CLANG_ANALYZER_NUMBER_OBJECT_CONVERSION = YES_AGGRESSIVE;
				CLANG_CXX_LANGUAGE_STANDARD = "gnu++14";
				CLANG_CXX_LIBRARY = "libc++";
				CLANG_ENABLE_MODULES = YES;
				CLANG_ENABLE_OBJC_ARC = YES;
				CLANG_ENABLE_OBJC_WEAK = YES;
				CLANG_WARN_BLOCK_CAPTURE_AUTORELEASING = YES;
				CLANG_WARN_BOOL_CONVERSION = YES;
				CLANG_WARN_COMMA = YES;
				CLANG_WARN_CONSTANT_CONVERSION = YES;
				CLANG_WARN_DEPRECATED_OBJC_IMPLEMENTATIONS = YES;
				CLANG_WARN_DIRECT_OBJC_ISA_USAGE = YES_ERROR;
				CLANG_WARN_DOCUMENTATION_COMMENTS = YES;
				CLANG_WARN_EMPTY_BODY = YES;
				CLANG_WARN_ENUM_CONVERSION = YES;
				CLANG_WARN_INFINITE_RECURSION = YES;
				CLANG_WARN_INT_CONVERSION = YES;
				CLANG_WARN_NON_LITERAL_NULL_CONVERSION = YES;
				CLANG_WARN_OBJC_IMPLICIT_RETAIN_SELF = YES;
				CLANG_WARN_OBJC_LITERAL_CONVERSION = YES;
				CLANG_WARN_OBJC_ROOT_CLASS = YES_ERROR;
				CLANG_WARN_QUOTED_INCLUDE_IN_FRAMEWORK_HEADER = YES;
				CLANG_WARN_RANGE_LOOP_ANALYSIS = YES;
				CLANG_WARN_STRICT_PROTOTYPES = YES;
				CLANG_WARN_SUSPICIOUS_MOVE = YES;
				CLANG_WARN_UNGUARDED_AVAILABILITY = YES_AGGRESSIVE;
				CLANG_WARN_UNREACHABLE_CODE = YES;
				CLANG_WARN__DUPLICATE_METHOD_MATCH = YES;
				COPY_PHASE_STRIP = NO;
				DEBUG_INFORMATION_FORMAT = dwarf;
				ENABLE_STRICT_OBJC_MSGSEND = YES;
				ENABLE_TESTABILITY = YES;
				GCC_C_LANGUAGE_STANDARD = gnu11;
				GCC_DYNAMIC_NO_PIC = NO;
				GCC_NO_COMMON_BLOCKS = YES;
				GCC_OPTIMIZATION_LEVEL = 0;
				GCC_PREPROCESSOR_DEFINITIONS = (
					"DEBUG=1",
					"$(inherited)",
				);
				GCC_WARN_64_TO_32_BIT_CONVERSION = YES;
				GCC_WARN_ABOUT_RETURN_TYPE = YES_ERROR;
				GCC_WARN_UNDECLARED_SELECTOR = YES;
				GCC_WARN_UNINITIALIZED_AUTOS = YES_AGGRESSIVE;
				GCC_WARN_UNUSED_FUNCTION = YES;
				GCC_WARN_UNUSED_VARIABLE = YES;
				MTL_ENABLE_DEBUG_INFO = INCLUDE_SOURCE;
				MTL_FAST_MATH = YES;
				ONLY_ACTIVE_ARCH = YES;
				SWIFT_ACTIVE_COMPILATION_CONDITIONS = DEBUG;
				SWIFT_OPTIMIZATION_LEVEL = "-Onone";
			};
			name = Debug;
		};
		3524CD492615279B007B05C8 /* Release */ = {
			isa = XCBuildConfiguration;
			buildSettings = {
				ALWAYS_SEARCH_USER_PATHS = NO;
				CLANG_ANALYZER_NONNULL = YES;
				CLANG_ANALYZER_NUMBER_OBJECT_CONVERSION = YES_AGGRESSIVE;
				CLANG_CXX_LANGUAGE_STANDARD = "gnu++14";
				CLANG_CXX_LIBRARY = "libc++";
				CLANG_ENABLE_MODULES = YES;
				CLANG_ENABLE_OBJC_ARC = YES;
				CLANG_ENABLE_OBJC_WEAK = YES;
				CLANG_WARN_BLOCK_CAPTURE_AUTORELEASING = YES;
				CLANG_WARN_BOOL_CONVERSION = YES;
				CLANG_WARN_COMMA = YES;
				CLANG_WARN_CONSTANT_CONVERSION = YES;
				CLANG_WARN_DEPRECATED_OBJC_IMPLEMENTATIONS = YES;
				CLANG_WARN_DIRECT_OBJC_ISA_USAGE = YES_ERROR;
				CLANG_WARN_DOCUMENTATION_COMMENTS = YES;
				CLANG_WARN_EMPTY_BODY = YES;
				CLANG_WARN_ENUM_CONVERSION = YES;
				CLANG_WARN_INFINITE_RECURSION = YES;
				CLANG_WARN_INT_CONVERSION = YES;
				CLANG_WARN_NON_LITERAL_NULL_CONVERSION = YES;
				CLANG_WARN_OBJC_IMPLICIT_RETAIN_SELF = YES;
				CLANG_WARN_OBJC_LITERAL_CONVERSION = YES;
				CLANG_WARN_OBJC_ROOT_CLASS = YES_ERROR;
				CLANG_WARN_QUOTED_INCLUDE_IN_FRAMEWORK_HEADER = YES;
				CLANG_WARN_RANGE_LOOP_ANALYSIS = YES;
				CLANG_WARN_STRICT_PROTOTYPES = YES;
				CLANG_WARN_SUSPICIOUS_MOVE = YES;
				CLANG_WARN_UNGUARDED_AVAILABILITY = YES_AGGRESSIVE;
				CLANG_WARN_UNREACHABLE_CODE = YES;
				CLANG_WARN__DUPLICATE_METHOD_MATCH = YES;
				COPY_PHASE_STRIP = NO;
				DEBUG_INFORMATION_FORMAT = "dwarf-with-dsym";
				ENABLE_NS_ASSERTIONS = NO;
				ENABLE_STRICT_OBJC_MSGSEND = YES;
				GCC_C_LANGUAGE_STANDARD = gnu11;
				GCC_NO_COMMON_BLOCKS = YES;
				GCC_WARN_64_TO_32_BIT_CONVERSION = YES;
				GCC_WARN_ABOUT_RETURN_TYPE = YES_ERROR;
				GCC_WARN_UNDECLARED_SELECTOR = YES;
				GCC_WARN_UNINITIALIZED_AUTOS = YES_AGGRESSIVE;
				GCC_WARN_UNUSED_FUNCTION = YES;
				GCC_WARN_UNUSED_VARIABLE = YES;
				MTL_ENABLE_DEBUG_INFO = NO;
				MTL_FAST_MATH = YES;
				SWIFT_COMPILATION_MODE = wholemodule;
				SWIFT_OPTIMIZATION_LEVEL = "-O";
			};
			name = Release;
		};
		3524CD4B2615279B007B05C8 /* Debug */ = {
			isa = XCBuildConfiguration;
			buildSettings = {
				ASSETCATALOG_COMPILER_APPICON_NAME = AppIcon;
				ASSETCATALOG_COMPILER_GLOBAL_ACCENT_COLOR_NAME = AccentColor;
				CODE_SIGN_STYLE = Automatic;
				DEVELOPMENT_TEAM = 9FUV5DP984;
				ENABLE_PREVIEWS = YES;
				INFOPLIST_FILE = iOS/Info.plist;
				IPHONEOS_DEPLOYMENT_TARGET = 14.0;
				LD_RUNPATH_SEARCH_PATHS = (
					"$(inherited)",
					"@executable_path/Frameworks",
				);
				PRODUCT_BUNDLE_IDENTIFIER = "com.Idosho.Game-of-Life-iPad-Edition";
				PRODUCT_NAME = "Game of Life iPad Edition";
				SDKROOT = iphoneos;
				SWIFT_VERSION = 5.0;
				TARGETED_DEVICE_FAMILY = "1,2";
			};
			name = Debug;
		};
		3524CD4C2615279B007B05C8 /* Release */ = {
			isa = XCBuildConfiguration;
			buildSettings = {
				ASSETCATALOG_COMPILER_APPICON_NAME = AppIcon;
				ASSETCATALOG_COMPILER_GLOBAL_ACCENT_COLOR_NAME = AccentColor;
				CODE_SIGN_STYLE = Automatic;
				DEVELOPMENT_TEAM = 9FUV5DP984;
				ENABLE_PREVIEWS = YES;
				INFOPLIST_FILE = iOS/Info.plist;
				IPHONEOS_DEPLOYMENT_TARGET = 14.0;
				LD_RUNPATH_SEARCH_PATHS = (
					"$(inherited)",
					"@executable_path/Frameworks",
				);
				PRODUCT_BUNDLE_IDENTIFIER = "com.Idosho.Game-of-Life-iPad-Edition";
				PRODUCT_NAME = "Game of Life iPad Edition";
				SDKROOT = iphoneos;
				SWIFT_VERSION = 5.0;
				TARGETED_DEVICE_FAMILY = "1,2";
				VALIDATE_PRODUCT = YES;
			};
			name = Release;
		};
		3524CD4E2615279B007B05C8 /* Debug */ = {
			isa = XCBuildConfiguration;
			buildSettings = {
				ASSETCATALOG_COMPILER_APPICON_NAME = AppIcon;
				ASSETCATALOG_COMPILER_GLOBAL_ACCENT_COLOR_NAME = AccentColor;
				CODE_SIGN_ENTITLEMENTS = macOS/macOS.entitlements;
				CODE_SIGN_STYLE = Automatic;
				COMBINE_HIDPI_IMAGES = YES;
				DEVELOPMENT_TEAM = 9FUV5DP984;
				ENABLE_HARDENED_RUNTIME = YES;
				ENABLE_PREVIEWS = YES;
				INFOPLIST_FILE = macOS/Info.plist;
				LD_RUNPATH_SEARCH_PATHS = (
					"$(inherited)",
					"@executable_path/../Frameworks",
				);
				MACOSX_DEPLOYMENT_TARGET = 11.0;
				PRODUCT_BUNDLE_IDENTIFIER = "com.Idosho.Game-of-Life-iPad-Edition";
				PRODUCT_NAME = "Game of Life iPad Edition";
				SDKROOT = macosx;
				SWIFT_VERSION = 5.0;
			};
			name = Debug;
		};
		3524CD4F2615279B007B05C8 /* Release */ = {
			isa = XCBuildConfiguration;
			buildSettings = {
				ASSETCATALOG_COMPILER_APPICON_NAME = AppIcon;
				ASSETCATALOG_COMPILER_GLOBAL_ACCENT_COLOR_NAME = AccentColor;
				CODE_SIGN_ENTITLEMENTS = macOS/macOS.entitlements;
				CODE_SIGN_STYLE = Automatic;
				COMBINE_HIDPI_IMAGES = YES;
				DEVELOPMENT_TEAM = 9FUV5DP984;
				ENABLE_HARDENED_RUNTIME = YES;
				ENABLE_PREVIEWS = YES;
				INFOPLIST_FILE = macOS/Info.plist;
				LD_RUNPATH_SEARCH_PATHS = (
					"$(inherited)",
					"@executable_path/../Frameworks",
				);
				MACOSX_DEPLOYMENT_TARGET = 11.0;
				PRODUCT_BUNDLE_IDENTIFIER = "com.Idosho.Game-of-Life-iPad-Edition";
				PRODUCT_NAME = "Game of Life iPad Edition";
				SDKROOT = macosx;
				SWIFT_VERSION = 5.0;
			};
			name = Release;
		};
/* End XCBuildConfiguration section */

/* Begin XCConfigurationList section */
		3524CD2D26152794007B05C8 /* Build configuration list for PBXProject "Game of Life iPad Edition" */ = {
			isa = XCConfigurationList;
			buildConfigurations = (
				3524CD482615279B007B05C8 /* Debug */,
				3524CD492615279B007B05C8 /* Release */,
			);
			defaultConfigurationIsVisible = 0;
			defaultConfigurationName = Release;
		};
		3524CD4A2615279B007B05C8 /* Build configuration list for PBXNativeTarget "Game of Life iPad Edition (iOS)" */ = {
			isa = XCConfigurationList;
			buildConfigurations = (
				3524CD4B2615279B007B05C8 /* Debug */,
				3524CD4C2615279B007B05C8 /* Release */,
			);
			defaultConfigurationIsVisible = 0;
			defaultConfigurationName = Release;
		};
		3524CD4D2615279B007B05C8 /* Build configuration list for PBXNativeTarget "Game of Life iPad Edition (macOS)" */ = {
			isa = XCConfigurationList;
			buildConfigurations = (
				3524CD4E2615279B007B05C8 /* Debug */,
				3524CD4F2615279B007B05C8 /* Release */,
			);
			defaultConfigurationIsVisible = 0;
			defaultConfigurationName = Release;
		};
/* End XCConfigurationList section */
	};
	rootObject = 3524CD2A26152794007B05C8 /* Project object */;
}
